
Microsoft Visual Studio Solution File, Format Version 12.00
# Visual Studio 15
VisualStudioVersion = 15.0.26430.16
MinimumVisualStudioVersion = 10.0.40219.1
Project("{FAE04EC0-301F-11D3-BF4B-00C04F79EFBC}") = "BHBus.Domain", "BHBus.Domain\BHBus.Domain.csproj", "{0B88EFDD-A9D6-4711-ACDE-0B2545AF3E39}"
EndProject
Project("{FAE04EC0-301F-11D3-BF4B-00C04F79EFBC}") = "BHBus.Repository", "BHBus.Infra\BHBus.Repository.csproj", "{031AF392-5DA0-42FE-8DD7-9282AFBBD7F8}"
EndProject
Project("{FAE04EC0-301F-11D3-BF4B-00C04F79EFBC}") = "BHBus.API", "BHBus.API\BHBus.API.csproj", "{4A264750-55E8-4AF1-A4F3-D809B97FD0FC}"
EndProject
Project("{FAE04EC0-301F-11D3-BF4B-00C04F79EFBC}") = "BHBus.Application", "BHBus.Application\BHBus.Application.csproj", "{3C515D91-CB92-42CD-9CB6-A90CD9B48BDD}"
EndProject
Project("{2150E333-8FDC-42A3-9474-1A3956D46DE8}") = "Domain", "Domain", "{662A97FE-A1FF-4421-AC7E-BCBF74F6B5D3}"
EndProject
Project("{2150E333-8FDC-42A3-9474-1A3956D46DE8}") = "Infra", "Infra", "{625D0046-6925-4911-A4F7-0A9BBB4E60D0}"
EndProject
Project("{2150E333-8FDC-42A3-9474-1A3956D46DE8}") = "Application", "Application", "{DF950018-110C-4C2D-9709-3500C9633FA8}"
EndProject
Project("{2150E333-8FDC-42A3-9474-1A3956D46DE8}") = "API", "API", "{65A22935-0B48-4857-BC39-22287A3B5EC7}"
EndProject
Project("{FAE04EC0-301F-11D3-BF4B-00C04F79EFBC}") = "BHBus.Domain.Test", "BHBus.Domain.Test\BHBus.Domain.Test.csproj", "{ECF2A27E-508E-432E-AE17-BF21BEFF70C5}"
EndProject
Project("{FAE04EC0-301F-11D3-BF4B-00C04F79EFBC}") = "BUBus.Application.Test", "BUBus.Application.Test\BUBus.Application.Test.csproj", "{44EFD24A-87FE-4312-8F0D-763FF1C5CFD4}"
EndProject
Global
	GlobalSection(SolutionConfigurationPlatforms) = preSolution
		Debug|Any CPU = Debug|Any CPU
		Release|Any CPU = Release|Any CPU
	EndGlobalSection
	GlobalSection(ProjectConfigurationPlatforms) = postSolution
		{0B88EFDD-A9D6-4711-ACDE-0B2545AF3E39}.Debug|Any CPU.ActiveCfg = Debug|Any CPU
		{0B88EFDD-A9D6-4711-ACDE-0B2545AF3E39}.Debug|Any CPU.Build.0 = Debug|Any CPU
		{0B88EFDD-A9D6-4711-ACDE-0B2545AF3E39}.Release|Any CPU.ActiveCfg = Release|Any CPU
		{0B88EFDD-A9D6-4711-ACDE-0B2545AF3E39}.Release|Any CPU.Build.0 = Release|Any CPU
		{031AF392-5DA0-42FE-8DD7-9282AFBBD7F8}.Debug|Any CPU.ActiveCfg = Debug|Any CPU
		{031AF392-5DA0-42FE-8DD7-9282AFBBD7F8}.Debug|Any CPU.Build.0 = Debug|Any CPU
		{031AF392-5DA0-42FE-8DD7-9282AFBBD7F8}.Release|Any CPU.ActiveCfg = Release|Any CPU
		{031AF392-5DA0-42FE-8DD7-9282AFBBD7F8}.Release|Any CPU.Build.0 = Release|Any CPU
		{4A264750-55E8-4AF1-A4F3-D809B97FD0FC}.Debug|Any CPU.ActiveCfg = Debug|Any CPU
		{4A264750-55E8-4AF1-A4F3-D809B97FD0FC}.Debug|Any CPU.Build.0 = Debug|Any CPU
		{4A264750-55E8-4AF1-A4F3-D809B97FD0FC}.Release|Any CPU.ActiveCfg = Release|Any CPU
		{4A264750-55E8-4AF1-A4F3-D809B97FD0FC}.Release|Any CPU.Build.0 = Release|Any CPU
		{3C515D91-CB92-42CD-9CB6-A90CD9B48BDD}.Debug|Any CPU.ActiveCfg = Debug|Any CPU
		{3C515D91-CB92-42CD-9CB6-A90CD9B48BDD}.Debug|Any CPU.Build.0 = Debug|Any CPU
		{3C515D91-CB92-42CD-9CB6-A90CD9B48BDD}.Release|Any CPU.ActiveCfg = Release|Any CPU
		{3C515D91-CB92-42CD-9CB6-A90CD9B48BDD}.Release|Any CPU.Build.0 = Release|Any CPU
		{ECF2A27E-508E-432E-AE17-BF21BEFF70C5}.Debug|Any CPU.ActiveCfg = Debug|Any CPU
		{ECF2A27E-508E-432E-AE17-BF21BEFF70C5}.Debug|Any CPU.Build.0 = Debug|Any CPU
		{ECF2A27E-508E-432E-AE17-BF21BEFF70C5}.Release|Any CPU.ActiveCfg = Release|Any CPU
		{ECF2A27E-508E-432E-AE17-BF21BEFF70C5}.Release|Any CPU.Build.0 = Release|Any CPU
		{44EFD24A-87FE-4312-8F0D-763FF1C5CFD4}.Debug|Any CPU.ActiveCfg = Debug|Any CPU
		{44EFD24A-87FE-4312-8F0D-763FF1C5CFD4}.Debug|Any CPU.Build.0 = Debug|Any CPU
		{44EFD24A-87FE-4312-8F0D-763FF1C5CFD4}.Release|Any CPU.ActiveCfg = Release|Any CPU
		{44EFD24A-87FE-4312-8F0D-763FF1C5CFD4}.Release|Any CPU.Build.0 = Release|Any CPU
	EndGlobalSection
	GlobalSection(SolutionProperties) = preSolution
		HideSolutionNode = FALSE
	EndGlobalSection
	GlobalSection(NestedProjects) = preSolution
		{0B88EFDD-A9D6-4711-ACDE-0B2545AF3E39} = {662A97FE-A1FF-4421-AC7E-BCBF74F6B5D3}
		{031AF392-5DA0-42FE-8DD7-9282AFBBD7F8} = {625D0046-6925-4911-A4F7-0A9BBB4E60D0}
		{4A264750-55E8-4AF1-A4F3-D809B97FD0FC} = {65A22935-0B48-4857-BC39-22287A3B5EC7}
		{3C515D91-CB92-42CD-9CB6-A90CD9B48BDD} = {DF950018-110C-4C2D-9709-3500C9633FA8}
		{ECF2A27E-508E-432E-AE17-BF21BEFF70C5} = {662A97FE-A1FF-4421-AC7E-BCBF74F6B5D3}
		{44EFD24A-87FE-4312-8F0D-763FF1C5CFD4} = {DF950018-110C-4C2D-9709-3500C9633FA8}
	EndGlobalSection
EndGlobal
